
Microsoft Visual Studio Solution File, Format Version 12.00
# Visual Studio 15
VisualStudioVersion = 15.0.27428.2002
MinimumVisualStudioVersion = 10.0.40219.1
Project("{FAE04EC0-301F-11D3-BF4B-00C04F79EFBC}") = "Joystick Proxy", "Joystick Proxy.csproj", "{2C030C08-6CAF-4635-86AD-F36618425F11}"
EndProject
Global
	GlobalSection(SolutionConfigurationPlatforms) = preSolution
		Debug|Any CPU = Debug|Any CPU
		Release|Any CPU = Release|Any CPU
	EndGlobalSection
	GlobalSection(ProjectConfigurationPlatforms) = postSolution
		{2C030C08-6CAF-4635-86AD-F36618425F11}.Debug|Any CPU.ActiveCfg = Debug|Any CPU
		{2C030C08-6CAF-4635-86AD-F36618425F11}.Debug|Any CPU.Build.0 = Debug|Any CPU
		{2C030C08-6CAF-4635-86AD-F36618425F11}.Release|Any CPU.ActiveCfg = Release|Any CPU
		{2C030C08-6CAF-4635-86AD-F36618425F11}.Release|Any CPU.Build.0 = Release|Any CPU
	EndGlobalSection
	GlobalSection(SolutionProperties) = preSolution
		HideSolutionNode = FALSE
	EndGlobalSection
	GlobalSection(ExtensibilityGlobals) = postSolution
		SolutionGuid = {F7E98FF2-E776-4399-93FA-5171E043572C}
	EndGlobalSection
EndGlobal
